{
  "requires": true,
  "lockfileVersion": 1,
  "dependencies": {
    "apache-server-configs": {
      "version": "4.1.0",
      "resolved": "https://registry.npmjs.org/apache-server-configs/-/apache-server-configs-4.1.0.tgz",
      "integrity": "sha512-TOlHvlEyJs2zWGhba5VWxlkHDEkeeux++vrGMMBjAIp0xEB0S6JvNe7p83gwpZ011/tv8Eo6f5O32NysLoyS/g==",
      "dev": true
    }
  }
}
